{
	"name": "@gmdev/header",
	"version": "0.0.5",
	"lockfileVersion": 1,
	"requires": true,
	"dependencies": {
		"@gmdev/counter": {
			"version": "0.0.3",
			"resolved": "https://registry.npmjs.org/@gmdev/counter/-/counter-0.0.3.tgz",
			"integrity": "sha512-+U8fcC4DMKvLA4N6ieSp0Dt1/9lebjfrwiPD8dYiXBkQDlo7w1bJJ+7g9clRHmFyV6ufwNReNcTXMcrna1sY0Q=="
		}
	}
}
